
Microsoft Visual Studio Solution File, Format Version 12.00
# Visual Studio Version 17
VisualStudioVersion = 17.12.35707.178 d17.12
MinimumVisualStudioVersion = 10.0.40219.1
Project("{FAE04EC0-301F-11D3-BF4B-00C04F79EFBC}") = "HealthSystemRevisit-Demo", "HealthSystemRevisit-Demo\HealthSystemRevisit-Demo.csproj", "{8DC8CA4B-5CF2-4AF9-8E02-E98E798187EC}"
EndProject
Project("{FAE04EC0-301F-11D3-BF4B-00C04F79EFBC}") = "HealthSystem", "HealthSystemRevisit\HealthSystem.csproj", "{82B9AA82-8517-4B2E-A771-802B313BAE64}"
EndProject
Global
	GlobalSection(SolutionConfigurationPlatforms) = preSolution
		Debug|Any CPU = Debug|Any CPU
		Release|Any CPU = Release|Any CPU
	EndGlobalSection
	GlobalSection(ProjectConfigurationPlatforms) = postSolution
		{8DC8CA4B-5CF2-4AF9-8E02-E98E798187EC}.Debug|Any CPU.ActiveCfg = Debug|Any CPU
		{8DC8CA4B-5CF2-4AF9-8E02-E98E798187EC}.Debug|Any CPU.Build.0 = Debug|Any CPU
		{8DC8CA4B-5CF2-4AF9-8E02-E98E798187EC}.Release|Any CPU.ActiveCfg = Release|Any CPU
		{8DC8CA4B-5CF2-4AF9-8E02-E98E798187EC}.Release|Any CPU.Build.0 = Release|Any CPU
		{82B9AA82-8517-4B2E-A771-802B313BAE64}.Debug|Any CPU.ActiveCfg = Debug|Any CPU
		{82B9AA82-8517-4B2E-A771-802B313BAE64}.Debug|Any CPU.Build.0 = Debug|Any CPU
		{82B9AA82-8517-4B2E-A771-802B313BAE64}.Release|Any CPU.ActiveCfg = Release|Any CPU
		{82B9AA82-8517-4B2E-A771-802B313BAE64}.Release|Any CPU.Build.0 = Release|Any CPU
	EndGlobalSection
	GlobalSection(SolutionProperties) = preSolution
		HideSolutionNode = FALSE
	EndGlobalSection
EndGlobal
